
Microsoft Visual Studio Solution File, Format Version 11.00
# Visual Studio 2010
Project("{FAE04EC0-301F-11D3-BF4B-00C04F79EFBC}") = "Autorun Killer", "Autorun Killer\Autorun Killer.csproj", "{572F99AA-9EE5-4BCD-ACCA-02123BA06CFB}"
EndProject
Global
	GlobalSection(SolutionConfigurationPlatforms) = preSolution
		Debug|Any CPU = Debug|Any CPU
		Release|Any CPU = Release|Any CPU
	EndGlobalSection
	GlobalSection(ProjectConfigurationPlatforms) = postSolution
		{572F99AA-9EE5-4BCD-ACCA-02123BA06CFB}.Debug|Any CPU.ActiveCfg = Debug|Any CPU
		{572F99AA-9EE5-4BCD-ACCA-02123BA06CFB}.Debug|Any CPU.Build.0 = Debug|Any CPU
		{572F99AA-9EE5-4BCD-ACCA-02123BA06CFB}.Release|Any CPU.ActiveCfg = Release|Any CPU
		{572F99AA-9EE5-4BCD-ACCA-02123BA06CFB}.Release|Any CPU.Build.0 = Release|Any CPU
	EndGlobalSection
	GlobalSection(SolutionProperties) = preSolution
		HideSolutionNode = FALSE
	EndGlobalSection
EndGlobal
